// !$*UTF8*$!
{
	archiveVersion = 1;
	classes = {
	};
	objectVersion = 50;
	objects = {

/* Begin PBXBuildFile section */
		287379E425E1ABA5001BB836 /* AppDelegate.swift in Sources */ = {isa = PBXBuildFile; fileRef = 287379E325E1ABA5001BB836 /* AppDelegate.swift */; };
		287379E625E1ABA5001BB836 /* SceneDelegate.swift in Sources */ = {isa = PBXBuildFile; fileRef = 287379E525E1ABA5001BB836 /* SceneDelegate.swift */; };
		287379E825E1ABA5001BB836 /* ViewController.swift in Sources */ = {isa = PBXBuildFile; fileRef = 287379E725E1ABA5001BB836 /* ViewController.swift */; };
		287379EB25E1ABA5001BB836 /* Main.storyboard in Resources */ = {isa = PBXBuildFile; fileRef = 287379E925E1ABA5001BB836 /* Main.storyboard */; };
		287379ED25E1ABA6001BB836 /* Assets.xcassets in Resources */ = {isa = PBXBuildFile; fileRef = 287379EC25E1ABA6001BB836 /* Assets.xcassets */; };
		287379F025E1ABA6001BB836 /* LaunchScreen.storyboard in Resources */ = {isa = PBXBuildFile; fileRef = 287379EE25E1ABA6001BB836 /* LaunchScreen.storyboard */; };
		287379FB25E1ABA6001BB836 /* tipCalculatorTests.swift in Sources */ = {isa = PBXBuildFile; fileRef = 287379FA25E1ABA6001BB836 /* tipCalculatorTests.swift */; };
		28737A0625E1ABA6001BB836 /* tipCalculatorUITests.swift in Sources */ = {isa = PBXBuildFile; fileRef = 28737A0525E1ABA6001BB836 /* tipCalculatorUITests.swift */; };
/* End PBXBuildFile section */

/* Begin PBXContainerItemProxy section */
		287379F725E1ABA6001BB836 /* PBXContainerItemProxy */ = {
			isa = PBXContainerItemProxy;
			containerPortal = 287379D825E1ABA5001BB836 /* Project object */;
			proxyType = 1;
			remoteGlobalIDString = 287379DF25E1ABA5001BB836;
			remoteInfo = tipCalculator;
		};
		28737A0225E1ABA6001BB836 /* PBXContainerItemProxy */ = {
			isa = PBXContainerItemProxy;
			containerPortal = 287379D825E1ABA5001BB836 /* Project object */;
			proxyType = 1;
			remoteGlobalIDString = 287379DF25E1ABA5001BB836;
			remoteInfo = tipCalculator;
		};
/* End PBXContainerItemProxy section */

/* Begin PBXFileReference section */
		287379E025E1ABA5001BB836 /* tipCalculator.app */ = {isa = PBXFileReference; explicitFileType = wrapper.application; includeInIndex = 0; path = tipCalculator.app; sourceTree = BUILT_PRODUCTS_DIR; };
		287379E325E1ABA5001BB836 /* AppDelegate.swift */ = {isa = PBXFileReference; lastKnownFileType = sourcecode.swift; path = AppDelegate.swift; sourceTree = "<group>"; };
		287379E525E1ABA5001BB836 /* SceneDelegate.swift */ = {isa = PBXFileReference; lastKnownFileType = sourcecode.swift; path = SceneDelegate.swift; sourceTree = "<group>"; };
		287379E725E1ABA5001BB836 /* ViewController.swift */ = {isa = PBXFileReference; lastKnownFileType = sourcecode.swift; path = ViewController.swift; sourceTree = "<group>"; };
		287379EA25E1ABA5001BB836 /* Base */ = {isa = PBXFileReference; lastKnownFileType = file.storyboard; name = Base; path = Base.lproj/Main.storyboard; sourceTree = "<group>"; };
		287379EC25E1ABA6001BB836 /* Assets.xcassets */ = {isa = PBXFileReference; lastKnownFileType = folder.assetcatalog; path = Assets.xcassets; sourceTree = "<group>"; };
		287379EF25E1ABA6001BB836 /* Base */ = {isa = PBXFileReference; lastKnownFileType = file.storyboard; name = Base; path = Base.lproj/LaunchScreen.storyboard; sourceTree = "<group>"; };
		287379F125E1ABA6001BB836 /* Info.plist */ = {isa = PBXFileReference; lastKnownFileType = text.plist.xml; path = Info.plist; sourceTree = "<group>"; };
		287379F625E1ABA6001BB836 /* tipCalculatorTests.xctest */ = {isa = PBXFileReference; explicitFileType = wrapper.cfbundle; includeInIndex = 0; path = tipCalculatorTests.xctest; sourceTree = BUILT_PRODUCTS_DIR; };
		287379FA25E1ABA6001BB836 /* tipCalculatorTests.swift */ = {isa = PBXFileReference; lastKnownFileType = sourcecode.swift; path = tipCalculatorTests.swift; sourceTree = "<group>"; };
		287379FC25E1ABA6001BB836 /* Info.plist */ = {isa = PBXFileReference; lastKnownFileType = text.plist.xml; path = Info.plist; sourceTree = "<group>"; };
		28737A0125E1ABA6001BB836 /* tipCalculatorUITests.xctest */ = {isa = PBXFileReference; explicitFileType = wrapper.cfbundle; includeInIndex = 0; path = tipCalculatorUITests.xctest; sourceTree = BUILT_PRODUCTS_DIR; };
		28737A0525E1ABA6001BB836 /* tipCalculatorUITests.swift */ = {isa = PBXFileReference; lastKnownFileType = sourcecode.swift; path = tipCalculatorUITests.swift; sourceTree = "<group>"; };
		28737A0725E1ABA6001BB836 /* Info.plist */ = {isa = PBXFileReference; lastKnownFileType = text.plist.xml; path = Info.plist; sourceTree = "<group>"; };
/* End PBXFileReference section */

/* Begin PBXFrameworksBuildPhase section */
		287379DD25E1ABA5001BB836 /* Frameworks */ = {
			isa = PBXFrameworksBuildPhase;
			buildActionMask = 2147483647;
			files = (
			);
			runOnlyForDeploymentPostprocessing = 0;
		};
		287379F325E1ABA6001BB836 /* Frameworks */ = {
			isa = PBXFrameworksBuildPhase;
			buildActionMask = 2147483647;
			files = (
			);
			runOnlyForDeploymentPostprocessing = 0;
		};
		287379FE25E1ABA6001BB836 /* Frameworks */ = {
			isa = PBXFrameworksBuildPhase;
			buildActionMask = 2147483647;
			files = (
			);
			runOnlyForDeploymentPostprocessing = 0;
		};
/* End PBXFrameworksBuildPhase section */

/* Begin PBXGroup section */
		287379D725E1ABA5001BB836 = {
			isa = PBXGroup;
			children = (
				287379E225E1ABA5001BB836 /* tipCalculator */,
				287379F925E1ABA6001BB836 /* tipCalculatorTests */,
				28737A0425E1ABA6001BB836 /* tipCalculatorUITests */,
				287379E125E1ABA5001BB836 /* Products */,
			);
			sourceTree = "<group>";
		};
		287379E125E1ABA5001BB836 /* Products */ = {
			isa = PBXGroup;
			children = (
				287379E025E1ABA5001BB836 /* tipCalculator.app */,
				287379F625E1ABA6001BB836 /* tipCalculatorTests.xctest */,
				28737A0125E1ABA6001BB836 /* tipCalculatorUITests.xctest */,
			);
			name = Products;
			sourceTree = "<group>";
		};
		287379E225E1ABA5001BB836 /* tipCalculator */ = {
			isa = PBXGroup;
			children = (
				287379E325E1ABA5001BB836 /* AppDelegate.swift */,
				287379E525E1ABA5001BB836 /* SceneDelegate.swift */,
				287379E725E1ABA5001BB836 /* ViewController.swift */,
				287379E925E1ABA5001BB836 /* Main.storyboard */,
				287379EC25E1ABA6001BB836 /* Assets.xcassets */,
				287379EE25E1ABA6001BB836 /* LaunchScreen.storyboard */,
				287379F125E1ABA6001BB836 /* Info.plist */,
			);
			path = tipCalculator;
			sourceTree = "<group>";
		};
		287379F925E1ABA6001BB836 /* tipCalculatorTests */ = {
			isa = PBXGroup;
			children = (
				287379FA25E1ABA6001BB836 /* tipCalculatorTests.swift */,
				287379FC25E1ABA6001BB836 /* Info.plist */,
			);
			path = tipCalculatorTests;
			sourceTree = "<group>";
		};
		28737A0425E1ABA6001BB836 /* tipCalculatorUITests */ = {
			isa = PBXGroup;
			children = (
				28737A0525E1ABA6001BB836 /* tipCalculatorUITests.swift */,
				28737A0725E1ABA6001BB836 /* Info.plist */,
			);
			path = tipCalculatorUITests;
			sourceTree = "<group>";
		};
/* End PBXGroup section */

/* Begin PBXNativeTarget section */
		287379DF25E1ABA5001BB836 /* tipCalculator */ = {
			isa = PBXNativeTarget;
			buildConfigurationList = 28737A0A25E1ABA6001BB836 /* Build configuration list for PBXNativeTarget "tipCalculator" */;
			buildPhases = (
				287379DC25E1ABA5001BB836 /* Sources */,
				287379DD25E1ABA5001BB836 /* Frameworks */,
				287379DE25E1ABA5001BB836 /* Resources */,
			);
			buildRules = (
			);
			dependencies = (
			);
			name = tipCalculator;
			productName = tipCalculator;
			productReference = 287379E025E1ABA5001BB836 /* tipCalculator.app */;
			productType = "com.apple.product-type.application";
		};
		287379F525E1ABA6001BB836 /* tipCalculatorTests */ = {
			isa = PBXNativeTarget;
			buildConfigurationList = 28737A0D25E1ABA6001BB836 /* Build configuration list for PBXNativeTarget "tipCalculatorTests" */;
			buildPhases = (
				287379F225E1ABA6001BB836 /* Sources */,
				287379F325E1ABA6001BB836 /* Frameworks */,
				287379F425E1ABA6001BB836 /* Resources */,
			);
			buildRules = (
			);
			dependencies = (
				287379F825E1ABA6001BB836 /* PBXTargetDependency */,
			);
			name = tipCalculatorTests;
			productName = tipCalculatorTests;
			productReference = 287379F625E1ABA6001BB836 /* tipCalculatorTests.xctest */;
			productType = "com.apple.product-type.bundle.unit-test";
		};
		28737A0025E1ABA6001BB836 /* tipCalculatorUITests */ = {
			isa = PBXNativeTarget;
			buildConfigurationList = 28737A1025E1ABA6001BB836 /* Build configuration list for PBXNativeTarget "tipCalculatorUITests" */;
			buildPhases = (
				287379FD25E1ABA6001BB836 /* Sources */,
				287379FE25E1ABA6001BB836 /* Frameworks */,
				287379FF25E1ABA6001BB836 /* Resources */,
			);
			buildRules = (
			);
			dependencies = (
				28737A0325E1ABA6001BB836 /* PBXTargetDependency */,
			);
			name = tipCalculatorUITests;
			productName = tipCalculatorUITests;
			productReference = 28737A0125E1ABA6001BB836 /* tipCalculatorUITests.xctest */;
			productType = "com.apple.product-type.bundle.ui-testing";
		};
/* End PBXNativeTarget section */

/* Begin PBXProject section */
		287379D825E1ABA5001BB836 /* Project object */ = {
			isa = PBXProject;
			attributes = {
				LastSwiftUpdateCheck = 1240;
				LastUpgradeCheck = 1240;
				TargetAttributes = {
					287379DF25E1ABA5001BB836 = {
						CreatedOnToolsVersion = 12.4;
					};
					287379F525E1ABA6001BB836 = {
						CreatedOnToolsVersion = 12.4;
						TestTargetID = 287379DF25E1ABA5001BB836;
					};
					28737A0025E1ABA6001BB836 = {
						CreatedOnToolsVersion = 12.4;
						TestTargetID = 287379DF25E1ABA5001BB836;
					};
				};
			};
			buildConfigurationList = 287379DB25E1ABA5001BB836 /* Build configuration list for PBXProject "tipCalculator" */;
			compatibilityVersion = "Xcode 9.3";
			developmentRegion = en;
			hasScannedForEncodings = 0;
			knownRegions = (
				en,
				Base,
			);
			mainGroup = 287379D725E1ABA5001BB836;
			productRefGroup = 287379E125E1ABA5001BB836 /* Products */;
			projectDirPath = "";
			projectRoot = "";
			targets = (
				287379DF25E1ABA5001BB836 /* tipCalculator */,
				287379F525E1ABA6001BB836 /* tipCalculatorTests */,
				28737A0025E1ABA6001BB836 /* tipCalculatorUITests */,
			);
		};
/* End PBXProject section */

/* Begin PBXResourcesBuildPhase section */
		287379DE25E1ABA5001BB836 /* Resources */ = {
			isa = PBXResourcesBuildPhase;
			buildActionMask = 2147483647;
			files = (
				287379F025E1ABA6001BB836 /* LaunchScreen.storyboard in Resources */,
				287379ED25E1ABA6001BB836 /* Assets.xcassets in Resources */,
				287379EB25E1ABA5001BB836 /* Main.storyboard in Resources */,
			);
			runOnlyForDeploymentPostprocessing = 0;
		};
		287379F425E1ABA6001BB836 /* Resources */ = {
			isa = PBXResourcesBuildPhase;
			buildActionMask = 2147483647;
			files = (
			);
			runOnlyForDeploymentPostprocessing = 0;
		};
		287379FF25E1ABA6001BB836 /* Resources */ = {
			isa = PBXResourcesBuildPhase;
			buildActionMask = 2147483647;
			files = (
			);
			runOnlyForDeploymentPostprocessing = 0;
		};
/* End PBXResourcesBuildPhase section */

/* Begin PBXSourcesBuildPhase section */
		287379DC25E1ABA5001BB836 /* Sources */ = {
			isa = PBXSourcesBuildPhase;
			buildActionMask = 2147483647;
			files = (
				287379E825E1ABA5001BB836 /* ViewController.swift in Sources */,
				287379E425E1ABA5001BB836 /* AppDelegate.swift in Sources */,
				287379E625E1ABA5001BB836 /* SceneDelegate.swift in Sources */,
			);
			runOnlyForDeploymentPostprocessing = 0;
		};
		287379F225E1ABA6001BB836 /* Sources */ = {
			isa = PBXSourcesBuildPhase;
			buildActionMask = 2147483647;
			files = (
				287379FB25E1ABA6001BB836 /* tipCalculatorTests.swift in Sources */,
			);
			runOnlyForDeploymentPostprocessing = 0;
		};
		287379FD25E1ABA6001BB836 /* Sources */ = {
			isa = PBXSourcesBuildPhase;
			buildActionMask = 2147483647;
			files = (
				28737A0625E1ABA6001BB836 /* tipCalculatorUITests.swift in Sources */,
			);
			runOnlyForDeploymentPostprocessing = 0;
		};
/* End PBXSourcesBuildPhase section */

/* Begin PBXTargetDependency section */
		287379F825E1ABA6001BB836 /* PBXTargetDependency */ = {
			isa = PBXTargetDependency;
			target = 287379DF25E1ABA5001BB836 /* tipCalculator */;
			targetProxy = 287379F725E1ABA6001BB836 /* PBXContainerItemProxy */;
		};
		28737A0325E1ABA6001BB836 /* PBXTargetDependency */ = {
			isa = PBXTargetDependency;
			target = 287379DF25E1ABA5001BB836 /* tipCalculator */;
			targetProxy = 28737A0225E1ABA6001BB836 /* PBXContainerItemProxy */;
		};
/* End PBXTargetDependency section */

/* Begin PBXVariantGroup section */
		287379E925E1ABA5001BB836 /* Main.storyboard */ = {
			isa = PBXVariantGroup;
			children = (
				287379EA25E1ABA5001BB836 /* Base */,
			);
			name = Main.storyboard;
			sourceTree = "<group>";
		};
		287379EE25E1ABA6001BB836 /* LaunchScreen.storyboard */ = {
			isa = PBXVariantGroup;
			children = (
				287379EF25E1ABA6001BB836 /* Base */,
			);
			name = LaunchScreen.storyboard;
			sourceTree = "<group>";
		};
/* End PBXVariantGroup section */

/* Begin XCBuildConfiguration section */
		28737A0825E1ABA6001BB836 /* Debug */ = {
			isa = XCBuildConfiguration;
			buildSettings = {
				ALWAYS_SEARCH_USER_PATHS = NO;
				CLANG_ANALYZER_NONNULL = YES;
				CLANG_ANALYZER_NUMBER_OBJECT_CONVERSION = YES_AGGRESSIVE;
				CLANG_CXX_LANGUAGE_STANDARD = "gnu++14";
				CLANG_CXX_LIBRARY = "libc++";
				CLANG_ENABLE_MODULES = YES;
				CLANG_ENABLE_OBJC_ARC = YES;
				CLANG_ENABLE_OBJC_WEAK = YES;
				CLANG_WARN_BLOCK_CAPTURE_AUTORELEASING = YES;
				CLANG_WARN_BOOL_CONVERSION = YES;
				CLANG_WARN_COMMA = YES;
				CLANG_WARN_CONSTANT_CONVERSION = YES;
				CLANG_WARN_DEPRECATED_OBJC_IMPLEMENTATIONS = YES;
				CLANG_WARN_DIRECT_OBJC_ISA_USAGE = YES_ERROR;
				CLANG_WARN_DOCUMENTATION_COMMENTS = YES;
				CLANG_WARN_EMPTY_BODY = YES;
				CLANG_WARN_ENUM_CONVERSION = YES;
				CLANG_WARN_INFINITE_RECURSION = YES;
				CLANG_WARN_INT_CONVERSION = YES;
				CLANG_WARN_NON_LITERAL_NULL_CONVERSION = YES;
				CLANG_WARN_OBJC_IMPLICIT_RETAIN_SELF = YES;
				CLANG_WARN_OBJC_LITERAL_CONVERSION = YES;
				CLANG_WARN_OBJC_ROOT_CLASS = YES_ERROR;
				CLANG_WARN_QUOTED_INCLUDE_IN_FRAMEWORK_HEADER = YES;
				CLANG_WARN_RANGE_LOOP_ANALYSIS = YES;
				CLANG_WARN_STRICT_PROTOTYPES = YES;
				CLANG_WARN_SUSPICIOUS_MOVE = YES;
				CLANG_WARN_UNGUARDED_AVAILABILITY = YES_AGGRESSIVE;
				CLANG_WARN_UNREACHABLE_CODE = YES;
				CLANG_WARN__DUPLICATE_METHOD_MATCH = YES;
				COPY_PHASE_STRIP = NO;
				DEBUG_INFORMATION_FORMAT = dwarf;
				ENABLE_STRICT_OBJC_MSGSEND = YES;
				ENABLE_TESTABILITY = YES;
				GCC_C_LANGUAGE_STANDARD = gnu11;
				GCC_DYNAMIC_NO_PIC = NO;
				GCC_NO_COMMON_BLOCKS = YES;
				GCC_OPTIMIZATION_LEVEL = 0;
				GCC_PREPROCESSOR_DEFINITIONS = (
					"DEBUG=1",
					"$(inherited)",
				);
				GCC_WARN_64_TO_32_BIT_CONVERSION = YES;
				GCC_WARN_ABOUT_RETURN_TYPE = YES_ERROR;
				GCC_WARN_UNDECLARED_SELECTOR = YES;
				GCC_WARN_UNINITIALIZED_AUTOS = YES_AGGRESSIVE;
				GCC_WARN_UNUSED_FUNCTION = YES;
				GCC_WARN_UNUSED_VARIABLE = YES;
				IPHONEOS_DEPLOYMENT_TARGET = 14.4;
				MTL_ENABLE_DEBUG_INFO = INCLUDE_SOURCE;
				MTL_FAST_MATH = YES;
				ONLY_ACTIVE_ARCH = YES;
				SDKROOT = iphoneos;
				SWIFT_ACTIVE_COMPILATION_CONDITIONS = DEBUG;
				SWIFT_OPTIMIZATION_LEVEL = "-Onone";
			};
			name = Debug;
		};
		28737A0925E1ABA6001BB836 /* Release */ = {
			isa = XCBuildConfiguration;
			buildSettings = {
				ALWAYS_SEARCH_USER_PATHS = NO;
				CLANG_ANALYZER_NONNULL = YES;
				CLANG_ANALYZER_NUMBER_OBJECT_CONVERSION = YES_AGGRESSIVE;
				CLANG_CXX_LANGUAGE_STANDARD = "gnu++14";
				CLANG_CXX_LIBRARY = "libc++";
				CLANG_ENABLE_MODULES = YES;
				CLANG_ENABLE_OBJC_ARC = YES;
				CLANG_ENABLE_OBJC_WEAK = YES;
				CLANG_WARN_BLOCK_CAPTURE_AUTORELEASING = YES;
				CLANG_WARN_BOOL_CONVERSION = YES;
				CLANG_WARN_COMMA = YES;
				CLANG_WARN_CONSTANT_CONVERSION = YES;
				CLANG_WARN_DEPRECATED_OBJC_IMPLEMENTATIONS = YES;
				CLANG_WARN_DIRECT_OBJC_ISA_USAGE = YES_ERROR;
				CLANG_WARN_DOCUMENTATION_COMMENTS = YES;
				CLANG_WARN_EMPTY_BODY = YES;
				CLANG_WARN_ENUM_CONVERSION = YES;
				CLANG_WARN_INFINITE_RECURSION = YES;
				CLANG_WARN_INT_CONVERSION = YES;
				CLANG_WARN_NON_LITERAL_NULL_CONVERSION = YES;
				CLANG_WARN_OBJC_IMPLICIT_RETAIN_SELF = YES;
				CLANG_WARN_OBJC_LITERAL_CONVERSION = YES;
				CLANG_WARN_OBJC_ROOT_CLASS = YES_ERROR;
				CLANG_WARN_QUOTED_INCLUDE_IN_FRAMEWORK_HEADER = YES;
				CLANG_WARN_RANGE_LOOP_ANALYSIS = YES;
				CLANG_WARN_STRICT_PROTOTYPES = YES;
				CLANG_WARN_SUSPICIOUS_MOVE = YES;
				CLANG_WARN_UNGUARDED_AVAILABILITY = YES_AGGRESSIVE;
				CLANG_WARN_UNREACHABLE_CODE = YES;
				CLANG_WARN__DUPLICATE_METHOD_MATCH = YES;
				COPY_PHASE_STRIP = NO;
				DEBUG_INFORMATION_FORMAT = "dwarf-with-dsym";
				ENABLE_NS_ASSERTIONS = NO;
				ENABLE_STRICT_OBJC_MSGSEND = YES;
				GCC_C_LANGUAGE_STANDARD = gnu11;
				GCC_NO_COMMON_BLOCKS = YES;
				GCC_WARN_64_TO_32_BIT_CONVERSION = YES;
				GCC_WARN_ABOUT_RETURN_TYPE = YES_ERROR;
				GCC_WARN_UNDECLARED_SELECTOR = YES;
				GCC_WARN_UNINITIALIZED_AUTOS = YES_AGGRESSIVE;
				GCC_WARN_UNUSED_FUNCTION = YES;
				GCC_WARN_UNUSED_VARIABLE = YES;
				IPHONEOS_DEPLOYMENT_TARGET = 14.4;
				MTL_ENABLE_DEBUG_INFO = NO;
				MTL_FAST_MATH = YES;
				SDKROOT = iphoneos;
				SWIFT_COMPILATION_MODE = wholemodule;
				SWIFT_OPTIMIZATION_LEVEL = "-O";
				VALIDATE_PRODUCT = YES;
			};
			name = Release;
		};
		28737A0B25E1ABA6001BB836 /* Debug */ = {
			isa = XCBuildConfiguration;
			buildSettings = {
				ASSETCATALOG_COMPILER_APPICON_NAME = AppIcon;
				ASSETCATALOG_COMPILER_GLOBAL_ACCENT_COLOR_NAME = AccentColor;
				CODE_SIGN_STYLE = Automatic;
				DEVELOPMENT_TEAM = 42W83Z2VV8;
				INFOPLIST_FILE = tipCalculator/Info.plist;
				LD_RUNPATH_SEARCH_PATHS = (
					"$(inherited)",
					"@executable_path/Frameworks",
				);
				PRODUCT_BUNDLE_IDENTIFIER = prasShakya.tipCalculator;
				PRODUCT_NAME = "$(TARGET_NAME)";
				SWIFT_VERSION = 5.0;
				TARGETED_DEVICE_FAMILY = "1,2";
			};
			name = Debug;
		};
		28737A0C25E1ABA6001BB836 /* Release */ = {
			isa = XCBuildConfiguration;
			buildSettings = {
				ASSETCATALOG_COMPILER_APPICON_NAME = AppIcon;
				ASSETCATALOG_COMPILER_GLOBAL_ACCENT_COLOR_NAME = AccentColor;
				CODE_SIGN_STYLE = Automatic;
				DEVELOPMENT_TEAM = 42W83Z2VV8;
				INFOPLIST_FILE = tipCalculator/Info.plist;
				LD_RUNPATH_SEARCH_PATHS = (
					"$(inherited)",
					"@executable_path/Frameworks",
				);
				PRODUCT_BUNDLE_IDENTIFIER = prasShakya.tipCalculator;
				PRODUCT_NAME = "$(TARGET_NAME)";
				SWIFT_VERSION = 5.0;
				TARGETED_DEVICE_FAMILY = "1,2";
			};
			name = Release;
		};
		28737A0E25E1ABA6001BB836 /* Debug */ = {
			isa = XCBuildConfiguration;
			buildSettings = {
				ALWAYS_EMBED_SWIFT_STANDARD_LIBRARIES = YES;
				BUNDLE_LOADER = "$(TEST_HOST)";
				CODE_SIGN_STYLE = Automatic;
				DEVELOPMENT_TEAM = 42W83Z2VV8;
				INFOPLIST_FILE = tipCalculatorTests/Info.plist;
				IPHONEOS_DEPLOYMENT_TARGET = 14.4;
				LD_RUNPATH_SEARCH_PATHS = (
					"$(inherited)",
					"@executable_path/Frameworks",
					"@loader_path/Frameworks",
				);
				PRODUCT_BUNDLE_IDENTIFIER = prasShakya.tipCalculatorTests;
				PRODUCT_NAME = "$(TARGET_NAME)";
				SWIFT_VERSION = 5.0;
				TARGETED_DEVICE_FAMILY = "1,2";
				TEST_HOST = "$(BUILT_PRODUCTS_DIR)/tipCalculator.app/tipCalculator";
			};
			name = Debug;
		};
		28737A0F25E1ABA6001BB836 /* Release */ = {
			isa = XCBuildConfiguration;
			buildSettings = {
				ALWAYS_EMBED_SWIFT_STANDARD_LIBRARIES = YES;
				BUNDLE_LOADER = "$(TEST_HOST)";
				CODE_SIGN_STYLE = Automatic;
				DEVELOPMENT_TEAM = 42W83Z2VV8;
				INFOPLIST_FILE = tipCalculatorTests/Info.plist;
				IPHONEOS_DEPLOYMENT_TARGET = 14.4;
				LD_RUNPATH_SEARCH_PATHS = (
					"$(inherited)",
					"@executable_path/Frameworks",
					"@loader_path/Frameworks",
				);
				PRODUCT_BUNDLE_IDENTIFIER = prasShakya.tipCalculatorTests;
				PRODUCT_NAME = "$(TARGET_NAME)";
				SWIFT_VERSION = 5.0;
				TARGETED_DEVICE_FAMILY = "1,2";
				TEST_HOST = "$(BUILT_PRODUCTS_DIR)/tipCalculator.app/tipCalculator";
			};
			name = Release;
		};
		28737A1125E1ABA6001BB836 /* Debug */ = {
			isa = XCBuildConfiguration;
			buildSettings = {
				ALWAYS_EMBED_SWIFT_STANDARD_LIBRARIES = YES;
				CODE_SIGN_STYLE = Automatic;
				DEVELOPMENT_TEAM = 42W83Z2VV8;
				INFOPLIST_FILE = tipCalculatorUITests/Info.plist;
				LD_RUNPATH_SEARCH_PATHS = (
					"$(inherited)",
					"@executable_path/Frameworks",
					"@loader_path/Frameworks",
				);
				PRODUCT_BUNDLE_IDENTIFIER = prasShakya.tipCalculatorUITests;
				PRODUCT_NAME = "$(TARGET_NAME)";
				SWIFT_VERSION = 5.0;
				TARGETED_DEVICE_FAMILY = "1,2";
				TEST_TARGET_NAME = tipCalculator;
			};
			name = Debug;
		};
		28737A1225E1ABA6001BB836 /* Release */ = {
			isa = XCBuildConfiguration;
			buildSettings = {
				ALWAYS_EMBED_SWIFT_STANDARD_LIBRARIES = YES;
				CODE_SIGN_STYLE = Automatic;
				DEVELOPMENT_TEAM = 42W83Z2VV8;
				INFOPLIST_FILE = tipCalculatorUITests/Info.plist;
				LD_RUNPATH_SEARCH_PATHS = (
					"$(inherited)",
					"@executable_path/Frameworks",
					"@loader_path/Frameworks",
				);
				PRODUCT_BUNDLE_IDENTIFIER = prasShakya.tipCalculatorUITests;
				PRODUCT_NAME = "$(TARGET_NAME)";
				SWIFT_VERSION = 5.0;
				TARGETED_DEVICE_FAMILY = "1,2";
				TEST_TARGET_NAME = tipCalculator;
			};
			name = Release;
		};
/* End XCBuildConfiguration section */

/* Begin XCConfigurationList section */
		287379DB25E1ABA5001BB836 /* Build configuration list for PBXProject "tipCalculator" */ = {
			isa = XCConfigurationList;
			buildConfigurations = (
				28737A0825E1ABA6001BB836 /* Debug */,
				28737A0925E1ABA6001BB836 /* Release */,
			);
			defaultConfigurationIsVisible = 0;
			defaultConfigurationName = Release;
		};
		28737A0A25E1ABA6001BB836 /* Build configuration list for PBXNativeTarget "tipCalculator" */ = {
			isa = XCConfigurationList;
			buildConfigurations = (
				28737A0B25E1ABA6001BB836 /* Debug */,
				28737A0C25E1ABA6001BB836 /* Release */,
			);
			defaultConfigurationIsVisible = 0;
			defaultConfigurationName = Release;
		};
		28737A0D25E1ABA6001BB836 /* Build configuration list for PBXNativeTarget "tipCalculatorTests" */ = {
			isa = XCConfigurationList;
			buildConfigurations = (
				28737A0E25E1ABA6001BB836 /* Debug */,
				28737A0F25E1ABA6001BB836 /* Release */,
			);
			defaultConfigurationIsVisible = 0;
			defaultConfigurationName = Release;
		};
		28737A1025E1ABA6001BB836 /* Build configuration list for PBXNativeTarget "tipCalculatorUITests" */ = {
			isa = XCConfigurationList;
			buildConfigurations = (
				28737A1125E1ABA6001BB836 /* Debug */,
				28737A1225E1ABA6001BB836 /* Release */,
			);
			defaultConfigurationIsVisible = 0;
			defaultConfigurationName = Release;
		};
/* End XCConfigurationList section */
	};
	rootObject = 287379D825E1ABA5001BB836 /* Project object */;
}
